{
    "name": "booru-abuse",
    "version": "0.0.0",
    "lockfileVersion": 3,
    "requires": true,
    "packages": {
        "": {
            "name": "booru-abuse",
            "version": "0.0.0",
            "dependencies": {
                "@types/xmldom": "^0.1.34",
                "xmldom": "^0.6.0"
            }
        },
        "node_modules/@types/xmldom": {
            "version": "0.1.34",
            "resolved": "https://registry.npmjs.org/@types/xmldom/-/xmldom-0.1.34.tgz",
            "integrity": "sha512-7eZFfxI9XHYjJJuugddV6N5YNeXgQE1lArWOcd1eCOKWb/FGs5SIjacSYuEJuwhsGS3gy4RuZ5EUIcqYscuPDA==",
            "license": "MIT"
        },
        "node_modules/xmldom": {
            "version": "0.6.0",
            "resolved": "https://registry.npmjs.org/xmldom/-/xmldom-0.6.0.tgz",
            "integrity": "sha512-iAcin401y58LckRZ0TkI4k0VSM1Qg0KGSc3i8rU+xrxe19A/BN1zHyVSJY7uoutVlaTSzYyk/v5AmkewAP7jtg==",
            "license": "MIT",
            "engines": {
                "node": ">=10.0.0"
            }
        }
    }
}
